
Microsoft Visual Studio Solution File, Format Version 12.00
# Visual Studio Version 16
VisualStudioVersion = 16.0.31313.381
MinimumVisualStudioVersion = 10.0.40219.1
Project("{8BC9CEB8-8B4A-11D0-8D11-00A0C91BC942}") = "c_macro_linkedlist", "c_macro_linkedlist.vcxproj", "{50A46B79-9981-4AF5-9C88-700C018D01BD}"
EndProject
Global
	GlobalSection(SolutionConfigurationPlatforms) = preSolution
		Debug|x64 = Debug|x64
		Debug|x86 = Debug|x86
		Release|x64 = Release|x64
		Release|x86 = Release|x86
	EndGlobalSection
	GlobalSection(ProjectConfigurationPlatforms) = postSolution
		{50A46B79-9981-4AF5-9C88-700C018D01BD}.Debug|x64.ActiveCfg = Debug|x64
		{50A46B79-9981-4AF5-9C88-700C018D01BD}.Debug|x64.Build.0 = Debug|x64
		{50A46B79-9981-4AF5-9C88-700C018D01BD}.Debug|x86.ActiveCfg = Debug|Win32
		{50A46B79-9981-4AF5-9C88-700C018D01BD}.Debug|x86.Build.0 = Debug|Win32
		{50A46B79-9981-4AF5-9C88-700C018D01BD}.Release|x64.ActiveCfg = Release|x64
		{50A46B79-9981-4AF5-9C88-700C018D01BD}.Release|x64.Build.0 = Release|x64
		{50A46B79-9981-4AF5-9C88-700C018D01BD}.Release|x86.ActiveCfg = Release|Win32
		{50A46B79-9981-4AF5-9C88-700C018D01BD}.Release|x86.Build.0 = Release|Win32
	EndGlobalSection
	GlobalSection(SolutionProperties) = preSolution
		HideSolutionNode = FALSE
	EndGlobalSection
	GlobalSection(ExtensibilityGlobals) = postSolution
		SolutionGuid = {08575E52-6805-4F5F-9278-B463D3E7C8DA}
	EndGlobalSection
EndGlobal
